schema: '2.0'
stages:
  executing:
    cmd: python -u t1_confection/B2_Executing_OG_Model.py
    deps:
    - path: concatenate_files/concatenate_ostram.py
      hash: md5
      md5: 41a0aa76d647e91ee57ee85caffea10e
      size: 5069
    - path: t1_confection/A2_Output_Params/
      hash: md5
      md5: a61ca07f14f68e6792b18b1a8a4bb921.dir
      size: 16861876
      nfiles: 172
    - path: t1_confection/Config_MOMF_T1_AB.yaml
      hash: md5
      md5: e8ee017aff44766a3b187c4017a94050
      size: 1885
    - path: t1_confection/Miscellaneous/
      hash: md5
      md5: 324c0f302e8f20dd6a901e9bae5e2db5.dir
      size: 267094
      nfiles: 72
    - path: t1_confection/Z_AUX_capital_annualization_script.py
      hash: md5
      md5: 4e66f3fcf1e5923766ffd208985c7925
      size: 27121
    - path: t1_confection/osemosys_fast_preprocessed.txt
      hash: md5
      md5: 35277c7325a26e424661d9b86d95e4b2
      size: 94156
    outs:
    - path: t1_confection/A2_Outputs_Params_otoole/
      hash: md5
      md5: 8f90ae3a2933ca25078bad8cd422fdb5.dir
      size: 8806872
      nfiles: 256
    - path: t1_confection/Executables/
      hash: md5
      md5: 3792fdbd5e7d851533ce890829a5abca.dir
      size: 85476960
      nfiles: 12
    - path: t1_confection/OSTRAM_Combined_Inputs_Outputs.csv
      hash: md5
      md5: 9ea8c5cf5162f3fdc1f40eccf942455b
      size: 111644692
    - path: t1_confection/OSTRAM_Combined_Inputs_Outputs_2026-02-18.csv
      hash: md5
      md5: 9ea8c5cf5162f3fdc1f40eccf942455b
      size: 111644692
    - path: t1_confection/OSTRAM_Inputs.csv
      hash: md5
      md5: d8d083892bbe8ea7f2509f57abe08e1d
      size: 20177965
    - path: t1_confection/OSTRAM_Inputs_2026-02-18.csv
      hash: md5
      md5: d8d083892bbe8ea7f2509f57abe08e1d
      size: 20177965
    - path: t1_confection/OSTRAM_Outputs.csv
      hash: md5
      md5: c1e810365215a870008dd396e193d25e
      size: 63118561
    - path: t1_confection/OSTRAM_Outputs_2026-02-18.csv
      hash: md5
      md5: c1e810365215a870008dd396e193d25e
      size: 63118561
  preprocess:
    cmd: python -u t1_confection/B1_Run_Compiler.py
    deps:
    - path: t1_confection/A1_Outputs/
      hash: md5
      md5: 2e0a87d9dac1a97b65fbf344c57bb4ca.dir
      size: 4109474
      nfiles: 32
    - path: t1_confection/A2_Extra_Inputs/
      hash: md5
      md5: d8cf767122664f743cc970d04b0a19c4.dir
      size: 703829
      nfiles: 34
    - path: t1_confection/B1_Compiler.py
      hash: md5
      md5: 7e85a7cdbcf7c09934ef522ab47ca6c6
      size: 96135
    - path: t1_confection/Config_MOMF_T1_A.yaml
      hash: md5
      md5: 85195e4f90cec1763ad75f01c7985ccb
      size: 10570
    outs:
    - path: t1_confection/A2_Output_Params/
      hash: md5
      md5: a61ca07f14f68e6792b18b1a8a4bb921.dir
      size: 16861876
      nfiles: 172
    - path: t1_confection/A2_Structure_Lists.xlsx
      hash: md5
      md5: 997f5650d1ea6c469f64ef1e3491fd49
      size: 11921
