schema: '2.0'
stages:
  executing:
    cmd: python -u t1_confection/B2_Executing_OG_Model.py
    deps:
    - path: concatenate_files/concatenate_ostram.py
      hash: md5
      md5: 41a0aa76d647e91ee57ee85caffea10e
      size: 5069
    - path: t1_confection/A2_Output_Params/
      hash: md5
      md5: f8ed0263cbaeed8adf1138af3e1955ea.dir
      size: 4736707
      nfiles: 43
    - path: t1_confection/Config_MOMF_T1_AB.yaml
      hash: md5
      md5: 553612574596a663f16de0f40d544258
      size: 1886
    - path: t1_confection/Miscellaneous/
      hash: md5
      md5: 324c0f302e8f20dd6a901e9bae5e2db5.dir
      size: 267094
      nfiles: 72
    - path: t1_confection/Z_AUX_capital_annualization_script.py
      hash: md5
      md5: 4e66f3fcf1e5923766ffd208985c7925
      size: 27121
    - path: t1_confection/osemosys_fast_preprocessed.txt
      hash: md5
      md5: 35277c7325a26e424661d9b86d95e4b2
      size: 94156
    outs:
    - path: t1_confection/A2_Outputs_Params_otoole/
      hash: md5
      md5: de1adc0368f710db6072dd4f1c53e09b.dir
      size: 2572810
      nfiles: 64
    - path: t1_confection/Executables/
      hash: md5
      md5: e57ee5ed7d46273d0455c3319cdcf778.dir
      size: 28953554
      nfiles: 3
    - path: t1_confection/OSTRAM_Combined_Inputs_Outputs.csv
      hash: md5
      md5: e14ce77f1d860bf0dfe04bc3ed051b6e
      size: 37041959
    - path: t1_confection/OSTRAM_Combined_Inputs_Outputs_2026-03-04.csv
      hash: md5
      md5: e14ce77f1d860bf0dfe04bc3ed051b6e
      size: 37041959
    - path: t1_confection/OSTRAM_Inputs.csv
      hash: md5
      md5: 7e9cfbd312e325956f75d3d75c02b1f5
      size: 5736526
    - path: t1_confection/OSTRAM_Inputs_2026-03-04.csv
      hash: md5
      md5: 7e9cfbd312e325956f75d3d75c02b1f5
      size: 5736526
    - path: t1_confection/OSTRAM_Outputs.csv
      hash: md5
      md5: cf75dfa62c993c2614a572c471478539
      size: 22180036
    - path: t1_confection/OSTRAM_Outputs_2026-03-04.csv
      hash: md5
      md5: cf75dfa62c993c2614a572c471478539
      size: 22180036
  preprocess:
    cmd: python -u t1_confection/B1_Run_Compiler.py
    deps:
    - path: t1_confection/A1_Outputs/
      hash: md5
      md5: b8062c923b4c2903aacc08a356e9d151.dir
      size: 1162840
      nfiles: 8
    - path: t1_confection/A2_Extra_Inputs/
      hash: md5
      md5: f2ead1aa1ddd5b508638a19bc52786c9.dir
      size: 71712
      nfiles: 5
    - path: t1_confection/B1_Compiler.py
      hash: md5
      md5: f34db684a8acaca4995e252e6a148d99
      size: 96122
    - path: t1_confection/Config_MOMF_T1_A.yaml
      hash: md5
      md5: 65ea2a7fa6ac401f367e7ca03bc230cd
      size: 10606
    outs:
    - path: t1_confection/A2_Output_Params/
      hash: md5
      md5: f8ed0263cbaeed8adf1138af3e1955ea.dir
      size: 4736707
      nfiles: 43
    - path: t1_confection/A2_Structure_Lists.xlsx
      hash: md5
      md5: d39746d10053ebc2c2eb1617e00f9ac5
      size: 13074
